
Microsoft Visual Studio Solution File, Format Version 12.00
# Visual Studio Version 17
VisualStudioVersion = 17.7.34031.279
MinimumVisualStudioVersion = 10.0.40219.1
Project("{9A19103F-16F7-4668-BE54-9A1E7A4F7556}") = "ISE102_Assessment3", "ISE102_Assessment3.csproj", "{C2BFC499-7DF0-4357-B894-86FF15F8CB34}"
EndProject
Global
	GlobalSection(SolutionConfigurationPlatforms) = preSolution
		Debug|Any CPU = Debug|Any CPU
		Release|Any CPU = Release|Any CPU
	EndGlobalSection
	GlobalSection(ProjectConfigurationPlatforms) = postSolution
		{C2BFC499-7DF0-4357-B894-86FF15F8CB34}.Debug|Any CPU.ActiveCfg = Debug|Any CPU
		{C2BFC499-7DF0-4357-B894-86FF15F8CB34}.Debug|Any CPU.Build.0 = Debug|Any CPU
		{C2BFC499-7DF0-4357-B894-86FF15F8CB34}.Release|Any CPU.ActiveCfg = Release|Any CPU
		{C2BFC499-7DF0-4357-B894-86FF15F8CB34}.Release|Any CPU.Build.0 = Release|Any CPU
	EndGlobalSection
	GlobalSection(SolutionProperties) = preSolution
		HideSolutionNode = FALSE
	EndGlobalSection
	GlobalSection(ExtensibilityGlobals) = postSolution
		SolutionGuid = {24127A7A-01FA-43D4-BB25-15602999876D}
	EndGlobalSection
EndGlobal
